
Microsoft Visual Studio Solution File, Format Version 12.00
# Visual Studio 2013
VisualStudioVersion = 12.0.30110.0
MinimumVisualStudioVersion = 10.0.40219.1
Project("{8BC9CEB8-8B4A-11D0-8D11-00A0C91BC942}") = "ProblemA", "ProblemA\ProblemA.vcxproj", "{E2DFA7EE-5391-42CB-98CD-BDCAF84A9AEC}"
EndProject
Project("{8BC9CEB8-8B4A-11D0-8D11-00A0C91BC942}") = "ProblemB", "ProblemB\ProblemB.vcxproj", "{E12C7FDE-B95A-429D-9FC9-4168FFF7F682}"
EndProject
Project("{8BC9CEB8-8B4A-11D0-8D11-00A0C91BC942}") = "ProblemC", "ProblemC\ProblemC.vcxproj", "{CF0FAE00-7BA3-4537-A16D-67D57776C4F0}"
EndProject
Global
	GlobalSection(SolutionConfigurationPlatforms) = preSolution
		Debug|Win32 = Debug|Win32
		Release|Win32 = Release|Win32
	EndGlobalSection
	GlobalSection(ProjectConfigurationPlatforms) = postSolution
		{E2DFA7EE-5391-42CB-98CD-BDCAF84A9AEC}.Debug|Win32.ActiveCfg = Debug|Win32
		{E2DFA7EE-5391-42CB-98CD-BDCAF84A9AEC}.Debug|Win32.Build.0 = Debug|Win32
		{E2DFA7EE-5391-42CB-98CD-BDCAF84A9AEC}.Release|Win32.ActiveCfg = Release|Win32
		{E2DFA7EE-5391-42CB-98CD-BDCAF84A9AEC}.Release|Win32.Build.0 = Release|Win32
		{E12C7FDE-B95A-429D-9FC9-4168FFF7F682}.Debug|Win32.ActiveCfg = Debug|Win32
		{E12C7FDE-B95A-429D-9FC9-4168FFF7F682}.Debug|Win32.Build.0 = Debug|Win32
		{E12C7FDE-B95A-429D-9FC9-4168FFF7F682}.Release|Win32.ActiveCfg = Release|Win32
		{E12C7FDE-B95A-429D-9FC9-4168FFF7F682}.Release|Win32.Build.0 = Release|Win32
		{CF0FAE00-7BA3-4537-A16D-67D57776C4F0}.Debug|Win32.ActiveCfg = Debug|Win32
		{CF0FAE00-7BA3-4537-A16D-67D57776C4F0}.Debug|Win32.Build.0 = Debug|Win32
		{CF0FAE00-7BA3-4537-A16D-67D57776C4F0}.Release|Win32.ActiveCfg = Release|Win32
		{CF0FAE00-7BA3-4537-A16D-67D57776C4F0}.Release|Win32.Build.0 = Release|Win32
	EndGlobalSection
	GlobalSection(SolutionProperties) = preSolution
		HideSolutionNode = FALSE
	EndGlobalSection
EndGlobal
